{
    "_readme": [
        "This file locks the dependencies of your project to a known state",
        "Read more about it at https://getcomposer.org/doc/01-basic-usage.md#composer-lock-the-lock-file",
        "This file is @generated automatically"
    ],
    "content-hash": "fd2c3c20ffd21ca8c33cb8f62fd0b071",
    "packages": [
        {
            "name": "fluentdom/fluentdom",
            "version": "6.2.0",
            "source": {
                "type": "git",
                "url": "https://github.com/FluentDOM/FluentDOM.git",
                "reference": "32063e121ebbb0bd2fdf21a273a8e0184aba59e7"
            },
            "dist": {
                "type": "zip",
                "url": "https://api.github.com/repos/FluentDOM/FluentDOM/zipball/32063e121ebbb0bd2fdf21a273a8e0184aba59e7",
                "reference": "32063e121ebbb0bd2fdf21a273a8e0184aba59e7",
                "shasum": ""
            },
            "require": {
                "ext-dom": "*",
                "php": ">=5.6.0"
            },
            "suggest": {
                "fluentdom/css-selector": "Allows to use css selectors."
            },
            "type": "library",
            "autoload": {
                "files": [
                    "src/FluentDOM.php"
                ],
                "psr-4": {
                    "FluentDOM\\": "src/FluentDOM"
                }
            },
            "notification-url": "https://packagist.org/downloads/",
            "license": [
                "MIT"
            ],
            "authors": [
                {
                    "name": "FluentDOM Contributors",
                    "homepage": "https://github.com/FluentDOM/FluentDOM/contributors"
                }
            ],
            "description": "A fluent api for the php dom extension.",
            "homepage": "http://fluentdom.org",
            "keywords": [
                "Xpath",
                "dom",
                "jquery",
                "xml"
            ],
            "time": "2017-07-29T17:49:41+00:00"
        },
        {
            "name": "secondparty/dipper",
            "version": "dev-support-stdclass",
            "source": {
                "type": "git",
                "url": "https://github.com/FluentDOM/dipper.git",
                "reference": "1a12be1847bf7fd8008fe393d5045040a0b413a2"
            },
            "dist": {
                "type": "zip",
                "url": "https://api.github.com/repos/FluentDOM/dipper/zipball/1a12be1847bf7fd8008fe393d5045040a0b413a2",
                "reference": "1a12be1847bf7fd8008fe393d5045040a0b413a2",
                "shasum": ""
            },
            "require": {
                "php": ">=5.3.0"
            },
            "suggest": {
                "ext-syck": "YAML parsing extension for PHP"
            },
            "type": "library",
            "autoload": {
                "psr-4": {
                    "secondparty\\Dipper\\": "."
                }
            },
            "license": [
                "BSD-3-Clause"
            ],
            "authors": [
                {
                    "name": "Fred LeBlanc",
                    "email": "fred@secondparty.com"
                }
            ],
            "description": "A fast YAML parser that parses for the more commonly-used subset of YAML’s v1.0 and v1.2 specs.",
            "homepage": "https://github.com/secondparty/dipper",
            "keywords": [
                "parser",
                "yaml"
            ],
            "support": {
                "source": "https://github.com/FluentDOM/dipper/tree/support-stdclass"
            },
            "time": "2016-12-28 12:09:53"
        }
    ],
    "packages-dev": [],
    "aliases": [],
    "minimum-stability": "stable",
    "stability-flags": {
        "secondparty/dipper": 20
    },
    "prefer-stable": false,
    "prefer-lowest": false,
    "platform": [],
    "platform-dev": [],
    "platform-overrides": {
        "php": "5.6"
    }
}
